Microsoft Visual Studio Solution File, Format Version 11.00
# Visual Studio 2008

Project("{F70204C8-BD8B-0556-DE2F-607924E28FBB}") = "Letter GO", "Assembly-CSharp.csproj", "{D432E8A9-817C-ED96-8956-933AB63B406D}"
EndProject
Project("{F70204C8-BD8B-0556-DE2F-607924E28FBB}") = "Letter GO", "Assembly-CSharp-Editor.csproj", "{2A3AFBED-2272-7F45-E0B1-BE435AA96B2C}"
EndProject
Project("{F70204C8-BD8B-0556-DE2F-607924E28FBB}") = "Letter GO", "Assembly-UnityScript-Editor-firstpass.unityproj", "{E13610DE-AA13-4D98-B9B0-B7A0410BDCC4}"
EndProject
Global
	GlobalSection(SolutionConfigurationPlatforms) = preSolution
		Debug|Any CPU = Debug|Any CPU
		Release|Any CPU = Release|Any CPU
	EndGlobalSection
	GlobalSection(ProjectConfigurationPlatforms) = postSolution
		{D432E8A9-817C-ED96-8956-933AB63B406D}.Debug|Any CPU.ActiveCfg = Debug|Any CPU
		{D432E8A9-817C-ED96-8956-933AB63B406D}.Debug|Any CPU.Build.0 = Debug|Any CPU
		{D432E8A9-817C-ED96-8956-933AB63B406D}.Release|Any CPU.ActiveCfg = Release|Any CPU
		{D432E8A9-817C-ED96-8956-933AB63B406D}.Release|Any CPU.Build.0 = Release|Any CPU
		{2A3AFBED-2272-7F45-E0B1-BE435AA96B2C}.Debug|Any CPU.ActiveCfg = Debug|Any CPU
		{2A3AFBED-2272-7F45-E0B1-BE435AA96B2C}.Debug|Any CPU.Build.0 = Debug|Any CPU
		{2A3AFBED-2272-7F45-E0B1-BE435AA96B2C}.Release|Any CPU.ActiveCfg = Release|Any CPU
		{2A3AFBED-2272-7F45-E0B1-BE435AA96B2C}.Release|Any CPU.Build.0 = Release|Any CPU
		{E13610DE-AA13-4D98-B9B0-B7A0410BDCC4}.Debug|Any CPU.ActiveCfg = Debug|Any CPU
		{E13610DE-AA13-4D98-B9B0-B7A0410BDCC4}.Debug|Any CPU.Build.0 = Debug|Any CPU
		{E13610DE-AA13-4D98-B9B0-B7A0410BDCC4}.Release|Any CPU.ActiveCfg = Release|Any CPU
		{E13610DE-AA13-4D98-B9B0-B7A0410BDCC4}.Release|Any CPU.Build.0 = Release|Any CPU
	EndGlobalSection
	GlobalSection(SolutionProperties) = preSolution
		HideSolutionNode = FALSE
	EndGlobalSection
	GlobalSection(MonoDevelopProperties) = preSolution
		StartupItem = Assembly-CSharp.csproj
	EndGlobalSection
EndGlobal
